{
  "name": "b",
  "version": "0.0.0",
  "lockfileVersion": 2,
  "requires": true,
  "packages": {
    "": {
      "name": "b",
      "version": "0.0.0",
      "license": "ISC",
      "dependencies": {
        "a": "file:isolated-a-0.0.0.tgz"
      }
    },
    "node_modules/a": {
      "version": "0.0.0",
      "resolved": "file:isolated-a-0.0.0.tgz",
      "integrity": "sha512-xWSDPVUK8HIUAL45pSJKqSEH2FLpSN7NUfvXuZZeVQQPMho3FI7nTflK6i5HqWeXiA2xSiCkpOeV+JI7mZFIog==",
      "license": "ISC"
    }
  },
  "dependencies": {
    "a": {
      "version": "file:isolated-a-0.0.0.tgz",
      "integrity": "sha512-xWSDPVUK8HIUAL45pSJKqSEH2FLpSN7NUfvXuZZeVQQPMho3FI7nTflK6i5HqWeXiA2xSiCkpOeV+JI7mZFIog=="
    }
  }
}
